// !$*UTF8*$!
{
	archiveVersion = 1;
	classes = {
	};
	objectVersion = 46;
	objects = {

/* Begin PBXBuildFile section */
		137D55F919F6F5D800A90E05 /* main.m in Sources */ = {isa = PBXBuildFile; fileRef = 137D55F819F6F5D800A90E05 /* main.m */; };
		137D55FC19F6F5D800A90E05 /* AppDelegate.m in Sources */ = {isa = PBXBuildFile; fileRef = 137D55FB19F6F5D800A90E05 /* AppDelegate.m */; };
		137D55FF19F6F5D800A90E05 /* DMOptiRoute.xcdatamodeld in Sources */ = {isa = PBXBuildFile; fileRef = 137D55FD19F6F5D800A90E05 /* DMOptiRoute.xcdatamodeld */; };
		137D560219F6F5D800A90E05 /* ViewController.m in Sources */ = {isa = PBXBuildFile; fileRef = 137D560119F6F5D800A90E05 /* ViewController.m */; };
		137D560519F6F5D800A90E05 /* Main.storyboard in Resources */ = {isa = PBXBuildFile; fileRef = 137D560319F6F5D800A90E05 /* Main.storyboard */; };
		137D560719F6F5D800A90E05 /* Images.xcassets in Resources */ = {isa = PBXBuildFile; fileRef = 137D560619F6F5D800A90E05 /* Images.xcassets */; };
		137D560A19F6F5D800A90E05 /* LaunchScreen.xib in Resources */ = {isa = PBXBuildFile; fileRef = 137D560819F6F5D800A90E05 /* LaunchScreen.xib */; };
		137D561619F6F5D800A90E05 /* DMOptiRouteTests.m in Sources */ = {isa = PBXBuildFile; fileRef = 137D561519F6F5D800A90E05 /* DMOptiRouteTests.m */; };
/* End PBXBuildFile section */

/* Begin PBXContainerItemProxy section */
		137D561019F6F5D800A90E05 /* PBXContainerItemProxy */ = {
			isa = PBXContainerItemProxy;
			containerPortal = 137D55EB19F6F5D800A90E05 /* Project object */;
			proxyType = 1;
			remoteGlobalIDString = 137D55F219F6F5D800A90E05;
			remoteInfo = DMOptiRoute;
		};
/* End PBXContainerItemProxy section */

/* Begin PBXFileReference section */
		137D55F319F6F5D800A90E05 /* DMOptiRoute.app */ = {isa = PBXFileReference; explicitFileType = wrapper.application; includeInIndex = 0; path = DMOptiRoute.app; sourceTree = BUILT_PRODUCTS_DIR; };
		137D55F719F6F5D800A90E05 /* Info.plist */ = {isa = PBXFileReference; lastKnownFileType = text.plist.xml; path = Info.plist; sourceTree = "<group>"; };
		137D55F819F6F5D800A90E05 /* main.m */ = {isa = PBXFileReference; lastKnownFileType = sourcecode.c.objc; path = main.m; sourceTree = "<group>"; };
		137D55FA19F6F5D800A90E05 /* AppDelegate.h */ = {isa = PBXFileReference; lastKnownFileType = sourcecode.c.h; path = AppDelegate.h; sourceTree = "<group>"; };
		137D55FB19F6F5D800A90E05 /* AppDelegate.m */ = {isa = PBXFileReference; lastKnownFileType = sourcecode.c.objc; path = AppDelegate.m; sourceTree = "<group>"; };
		137D55FE19F6F5D800A90E05 /* DMOptiRoute.xcdatamodel */ = {isa = PBXFileReference; lastKnownFileType = wrapper.xcdatamodel; path = DMOptiRoute.xcdatamodel; sourceTree = "<group>"; };
		137D560019F6F5D800A90E05 /* ViewController.h */ = {isa = PBXFileReference; lastKnownFileType = sourcecode.c.h; path = ViewController.h; sourceTree = "<group>"; };
		137D560119F6F5D800A90E05 /* ViewController.m */ = {isa = PBXFileReference; lastKnownFileType = sourcecode.c.objc; path = ViewController.m; sourceTree = "<group>"; };
		137D560419F6F5D800A90E05 /* Base */ = {isa = PBXFileReference; lastKnownFileType = file.storyboard; name = Base; path = Base.lproj/Main.storyboard; sourceTree = "<group>"; };
		137D560619F6F5D800A90E05 /* Images.xcassets */ = {isa = PBXFileReference; lastKnownFileType = folder.assetcatalog; path = Images.xcassets; sourceTree = "<group>"; };
		137D560919F6F5D800A90E05 /* Base */ = {isa = PBXFileReference; lastKnownFileType = file.xib; name = Base; path = Base.lproj/LaunchScreen.xib; sourceTree = "<group>"; };
		137D560F19F6F5D800A90E05 /* DMOptiRouteTests.xctest */ = {isa = PBXFileReference; explicitFileType = wrapper.cfbundle; includeInIndex = 0; path = DMOptiRouteTests.xctest; sourceTree = BUILT_PRODUCTS_DIR; };
		137D561419F6F5D800A90E05 /* Info.plist */ = {isa = PBXFileReference; lastKnownFileType = text.plist.xml; path = Info.plist; sourceTree = "<group>"; };
		137D561519F6F5D800A90E05 /* DMOptiRouteTests.m */ = {isa = PBXFileReference; lastKnownFileType = sourcecode.c.objc; path = DMOptiRouteTests.m; sourceTree = "<group>"; };
/* End PBXFileReference section */

/* Begin PBXFrameworksBuildPhase section */
		137D55F019F6F5D800A90E05 /* Frameworks */ = {
			isa = PBXFrameworksBuildPhase;
			buildActionMask = 2147483647;
			files = (
			);
			runOnlyForDeploymentPostprocessing = 0;
		};
		137D560C19F6F5D800A90E05 /* Frameworks */ = {
			isa = PBXFrameworksBuildPhase;
			buildActionMask = 2147483647;
			files = (
			);
			runOnlyForDeploymentPostprocessing = 0;
		};
/* End PBXFrameworksBuildPhase section */

/* Begin PBXGroup section */
		137D55EA19F6F5D800A90E05 = {
			isa = PBXGroup;
			children = (
				137D55F519F6F5D800A90E05 /* DMOptiRoute */,
				137D561219F6F5D800A90E05 /* DMOptiRouteTests */,
				137D55F419F6F5D800A90E05 /* Products */,
			);
			sourceTree = "<group>";
		};
		137D55F419F6F5D800A90E05 /* Products */ = {
			isa = PBXGroup;
			children = (
				137D55F319F6F5D800A90E05 /* DMOptiRoute.app */,
				137D560F19F6F5D800A90E05 /* DMOptiRouteTests.xctest */,
			);
			name = Products;
			sourceTree = "<group>";
		};
		137D55F519F6F5D800A90E05 /* DMOptiRoute */ = {
			isa = PBXGroup;
			children = (
				137D55FA19F6F5D800A90E05 /* AppDelegate.h */,
				137D55FB19F6F5D800A90E05 /* AppDelegate.m */,
				137D560019F6F5D800A90E05 /* ViewController.h */,
				137D560119F6F5D800A90E05 /* ViewController.m */,
				137D560319F6F5D800A90E05 /* Main.storyboard */,
				137D560619F6F5D800A90E05 /* Images.xcassets */,
				137D560819F6F5D800A90E05 /* LaunchScreen.xib */,
				137D55FD19F6F5D800A90E05 /* DMOptiRoute.xcdatamodeld */,
				137D55F619F6F5D800A90E05 /* Supporting Files */,
			);
			path = DMOptiRoute;
			sourceTree = "<group>";
		};
		137D55F619F6F5D800A90E05 /* Supporting Files */ = {
			isa = PBXGroup;
			children = (
				137D55F719F6F5D800A90E05 /* Info.plist */,
				137D55F819F6F5D800A90E05 /* main.m */,
			);
			name = "Supporting Files";
			sourceTree = "<group>";
		};
		137D561219F6F5D800A90E05 /* DMOptiRouteTests */ = {
			isa = PBXGroup;
			children = (
				137D561519F6F5D800A90E05 /* DMOptiRouteTests.m */,
				137D561319F6F5D800A90E05 /* Supporting Files */,
			);
			path = DMOptiRouteTests;
			sourceTree = "<group>";
		};
		137D561319F6F5D800A90E05 /* Supporting Files */ = {
			isa = PBXGroup;
			children = (
				137D561419F6F5D800A90E05 /* Info.plist */,
			);
			name = "Supporting Files";
			sourceTree = "<group>";
		};
/* End PBXGroup section */

/* Begin PBXNativeTarget section */
		137D55F219F6F5D800A90E05 /* DMOptiRoute */ = {
			isa = PBXNativeTarget;
			buildConfigurationList = 137D561919F6F5D800A90E05 /* Build configuration list for PBXNativeTarget "DMOptiRoute" */;
			buildPhases = (
				137D55EF19F6F5D800A90E05 /* Sources */,
				137D55F019F6F5D800A90E05 /* Frameworks */,
				137D55F119F6F5D800A90E05 /* Resources */,
			);
			buildRules = (
			);
			dependencies = (
			);
			name = DMOptiRoute;
			productName = DMOptiRoute;
			productReference = 137D55F319F6F5D800A90E05 /* DMOptiRoute.app */;
			productType = "com.apple.product-type.application";
		};
		137D560E19F6F5D800A90E05 /* DMOptiRouteTests */ = {
			isa = PBXNativeTarget;
			buildConfigurationList = 137D561C19F6F5D800A90E05 /* Build configuration list for PBXNativeTarget "DMOptiRouteTests" */;
			buildPhases = (
				137D560B19F6F5D800A90E05 /* Sources */,
				137D560C19F6F5D800A90E05 /* Frameworks */,
				137D560D19F6F5D800A90E05 /* Resources */,
			);
			buildRules = (
			);
			dependencies = (
				137D561119F6F5D800A90E05 /* PBXTargetDependency */,
			);
			name = DMOptiRouteTests;
			productName = DMOptiRouteTests;
			productReference = 137D560F19F6F5D800A90E05 /* DMOptiRouteTests.xctest */;
			productType = "com.apple.product-type.bundle.unit-test";
		};
/* End PBXNativeTarget section */

/* Begin PBXProject section */
		137D55EB19F6F5D800A90E05 /* Project object */ = {
			isa = PBXProject;
			attributes = {
				LastUpgradeCheck = 0600;
				ORGANIZATIONNAME = DM;
				TargetAttributes = {
					137D55F219F6F5D800A90E05 = {
						CreatedOnToolsVersion = 6.0.1;
					};
					137D560E19F6F5D800A90E05 = {
						CreatedOnToolsVersion = 6.0.1;
						TestTargetID = 137D55F219F6F5D800A90E05;
					};
				};
			};
			buildConfigurationList = 137D55EE19F6F5D800A90E05 /* Build configuration list for PBXProject "DMOptiRoute" */;
			compatibilityVersion = "Xcode 3.2";
			developmentRegion = English;
			hasScannedForEncodings = 0;
			knownRegions = (
				en,
				Base,
			);
			mainGroup = 137D55EA19F6F5D800A90E05;
			productRefGroup = 137D55F419F6F5D800A90E05 /* Products */;
			projectDirPath = "";
			projectRoot = "";
			targets = (
				137D55F219F6F5D800A90E05 /* DMOptiRoute */,
				137D560E19F6F5D800A90E05 /* DMOptiRouteTests */,
			);
		};
/* End PBXProject section */

/* Begin PBXResourcesBuildPhase section */
		137D55F119F6F5D800A90E05 /* Resources */ = {
			isa = PBXResourcesBuildPhase;
			buildActionMask = 2147483647;
			files = (
				137D560519F6F5D800A90E05 /* Main.storyboard in Resources */,
				137D560A19F6F5D800A90E05 /* LaunchScreen.xib in Resources */,
				137D560719F6F5D800A90E05 /* Images.xcassets in Resources */,
			);
			runOnlyForDeploymentPostprocessing = 0;
		};
		137D560D19F6F5D800A90E05 /* Resources */ = {
			isa = PBXResourcesBuildPhase;
			buildActionMask = 2147483647;
			files = (
			);
			runOnlyForDeploymentPostprocessing = 0;
		};
/* End PBXResourcesBuildPhase section */

/* Begin PBXSourcesBuildPhase section */
		137D55EF19F6F5D800A90E05 /* Sources */ = {
			isa = PBXSourcesBuildPhase;
			buildActionMask = 2147483647;
			files = (
				137D55FC19F6F5D800A90E05 /* AppDelegate.m in Sources */,
				137D55FF19F6F5D800A90E05 /* DMOptiRoute.xcdatamodeld in Sources */,
				137D560219F6F5D800A90E05 /* ViewController.m in Sources */,
				137D55F919F6F5D800A90E05 /* main.m in Sources */,
			);
			runOnlyForDeploymentPostprocessing = 0;
		};
		137D560B19F6F5D800A90E05 /* Sources */ = {
			isa = PBXSourcesBuildPhase;
			buildActionMask = 2147483647;
			files = (
				137D561619F6F5D800A90E05 /* DMOptiRouteTests.m in Sources */,
			);
			runOnlyForDeploymentPostprocessing = 0;
		};
/* End PBXSourcesBuildPhase section */

/* Begin PBXTargetDependency section */
		137D561119F6F5D800A90E05 /* PBXTargetDependency */ = {
			isa = PBXTargetDependency;
			target = 137D55F219F6F5D800A90E05 /* DMOptiRoute */;
			targetProxy = 137D561019F6F5D800A90E05 /* PBXContainerItemProxy */;
		};
/* End PBXTargetDependency section */

/* Begin PBXVariantGroup section */
		137D560319F6F5D800A90E05 /* Main.storyboard */ = {
			isa = PBXVariantGroup;
			children = (
				137D560419F6F5D800A90E05 /* Base */,
			);
			name = Main.storyboard;
			sourceTree = "<group>";
		};
		137D560819F6F5D800A90E05 /* LaunchScreen.xib */ = {
			isa = PBXVariantGroup;
			children = (
				137D560919F6F5D800A90E05 /* Base */,
			);
			name = LaunchScreen.xib;
			sourceTree = "<group>";
		};
/* End PBXVariantGroup section */

/* Begin XCBuildConfiguration section */
		137D561719F6F5D800A90E05 /* Debug */ = {
			isa = XCBuildConfiguration;
			buildSettings = {
				ALWAYS_SEARCH_USER_PATHS = NO;
				CLANG_CXX_LANGUAGE_STANDARD = "gnu++0x";
				CLANG_CXX_LIBRARY = "libc++";
				CLANG_ENABLE_MODULES = YES;
				CLANG_ENABLE_OBJC_ARC = YES;
				CLANG_WARN_BOOL_CONVERSION = YES;
				CLANG_WARN_CONSTANT_CONVERSION = YES;
				CLANG_WARN_DIRECT_OBJC_ISA_USAGE = YES_ERROR;
				CLANG_WARN_EMPTY_BODY = YES;
				CLANG_WARN_ENUM_CONVERSION = YES;
				CLANG_WARN_INT_CONVERSION = YES;
				CLANG_WARN_OBJC_ROOT_CLASS = YES_ERROR;
				CLANG_WARN_UNREACHABLE_CODE = YES;
				CLANG_WARN__DUPLICATE_METHOD_MATCH = YES;
				"CODE_SIGN_IDENTITY[sdk=iphoneos*]" = "iPhone Developer";
				COPY_PHASE_STRIP = NO;
				ENABLE_STRICT_OBJC_MSGSEND = YES;
				GCC_C_LANGUAGE_STANDARD = gnu99;
				GCC_DYNAMIC_NO_PIC = NO;
				GCC_OPTIMIZATION_LEVEL = 0;
				GCC_PREPROCESSOR_DEFINITIONS = (
					"DEBUG=1",
					"$(inherited)",
				);
				GCC_SYMBOLS_PRIVATE_EXTERN = NO;
				GCC_WARN_64_TO_32_BIT_CONVERSION = YES;
				GCC_WARN_ABOUT_RETURN_TYPE = YES_ERROR;
				GCC_WARN_UNDECLARED_SELECTOR = YES;
				GCC_WARN_UNINITIALIZED_AUTOS = YES_AGGRESSIVE;
				GCC_WARN_UNUSED_FUNCTION = YES;
				GCC_WARN_UNUSED_VARIABLE = YES;
				IPHONEOS_DEPLOYMENT_TARGET = 8.0;
				MTL_ENABLE_DEBUG_INFO = YES;
				ONLY_ACTIVE_ARCH = YES;
				SDKROOT = iphoneos;
				TARGETED_DEVICE_FAMILY = "1,2";
			};
			name = Debug;
		};
		137D561819F6F5D800A90E05 /* Release */ = {
			isa = XCBuildConfiguration;
			buildSettings = {
				ALWAYS_SEARCH_USER_PATHS = NO;
				CLANG_CXX_LANGUAGE_STANDARD = "gnu++0x";
				CLANG_CXX_LIBRARY = "libc++";
				CLANG_ENABLE_MODULES = YES;
				CLANG_ENABLE_OBJC_ARC = YES;
				CLANG_WARN_BOOL_CONVERSION = YES;
				CLANG_WARN_CONSTANT_CONVERSION = YES;
				CLANG_WARN_DIRECT_OBJC_ISA_USAGE = YES_ERROR;
				CLANG_WARN_EMPTY_BODY = YES;
				CLANG_WARN_ENUM_CONVERSION = YES;
				CLANG_WARN_INT_CONVERSION = YES;
				CLANG_WARN_OBJC_ROOT_CLASS = YES_ERROR;
				CLANG_WARN_UNREACHABLE_CODE = YES;
				CLANG_WARN__DUPLICATE_METHOD_MATCH = YES;
				"CODE_SIGN_IDENTITY[sdk=iphoneos*]" = "iPhone Developer";
				COPY_PHASE_STRIP = YES;
				ENABLE_NS_ASSERTIONS = NO;
				ENABLE_STRICT_OBJC_MSGSEND = YES;
				GCC_C_LANGUAGE_STANDARD = gnu99;
				GCC_WARN_64_TO_32_BIT_CONVERSION = YES;
				GCC_WARN_ABOUT_RETURN_TYPE = YES_ERROR;
				GCC_WARN_UNDECLARED_SELECTOR = YES;
				GCC_WARN_UNINITIALIZED_AUTOS = YES_AGGRESSIVE;
				GCC_WARN_UNUSED_FUNCTION = YES;
				GCC_WARN_UNUSED_VARIABLE = YES;
				IPHONEOS_DEPLOYMENT_TARGET = 8.0;
				MTL_ENABLE_DEBUG_INFO = NO;
				SDKROOT = iphoneos;
				TARGETED_DEVICE_FAMILY = "1,2";
				VALIDATE_PRODUCT = YES;
			};
			name = Release;
		};
		137D561A19F6F5D800A90E05 /* Debug */ = {
			isa = XCBuildConfiguration;
			buildSettings = {
				ASSETCATALOG_COMPILER_APPICON_NAME = AppIcon;
				INFOPLIST_FILE = DMOptiRoute/Info.plist;
				LD_RUNPATH_SEARCH_PATHS = "$(inherited) @executable_path/Frameworks";
				PRODUCT_NAME = "$(TARGET_NAME)";
			};
			name = Debug;
		};
		137D561B19F6F5D800A90E05 /* Release */ = {
			isa = XCBuildConfiguration;
			buildSettings = {
				ASSETCATALOG_COMPILER_APPICON_NAME = AppIcon;
				INFOPLIST_FILE = DMOptiRoute/Info.plist;
				LD_RUNPATH_SEARCH_PATHS = "$(inherited) @executable_path/Frameworks";
				PRODUCT_NAME = "$(TARGET_NAME)";
			};
			name = Release;
		};
		137D561D19F6F5D800A90E05 /* Debug */ = {
			isa = XCBuildConfiguration;
			buildSettings = {
				BUNDLE_LOADER = "$(TEST_HOST)";
				FRAMEWORK_SEARCH_PATHS = (
					"$(SDKROOT)/Developer/Library/Frameworks",
					"$(inherited)",
				);
				GCC_PREPROCESSOR_DEFINITIONS = (
					"DEBUG=1",
					"$(inherited)",
				);
				INFOPLIST_FILE = DMOptiRouteTests/Info.plist;
				LD_RUNPATH_SEARCH_PATHS = "$(inherited) @executable_path/Frameworks @loader_path/Frameworks";
				PRODUCT_NAME = "$(TARGET_NAME)";
				TEST_HOST = "$(BUILT_PRODUCTS_DIR)/DMOptiRoute.app/DMOptiRoute";
			};
			name = Debug;
		};
		137D561E19F6F5D800A90E05 /* Release */ = {
			isa = XCBuildConfiguration;
			buildSettings = {
				BUNDLE_LOADER = "$(TEST_HOST)";
				FRAMEWORK_SEARCH_PATHS = (
					"$(SDKROOT)/Developer/Library/Frameworks",
					"$(inherited)",
				);
				INFOPLIST_FILE = DMOptiRouteTests/Info.plist;
				LD_RUNPATH_SEARCH_PATHS = "$(inherited) @executable_path/Frameworks @loader_path/Frameworks";
				PRODUCT_NAME = "$(TARGET_NAME)";
				TEST_HOST = "$(BUILT_PRODUCTS_DIR)/DMOptiRoute.app/DMOptiRoute";
			};
			name = Release;
		};
/* End XCBuildConfiguration section */

/* Begin XCConfigurationList section */
		137D55EE19F6F5D800A90E05 /* Build configuration list for PBXProject "DMOptiRoute" */ = {
			isa = XCConfigurationList;
			buildConfigurations = (
				137D561719F6F5D800A90E05 /* Debug */,
				137D561819F6F5D800A90E05 /* Release */,
			);
			defaultConfigurationIsVisible = 0;
			defaultConfigurationName = Release;
		};
		137D561919F6F5D800A90E05 /* Build configuration list for PBXNativeTarget "DMOptiRoute" */ = {
			isa = XCConfigurationList;
			buildConfigurations = (
				137D561A19F6F5D800A90E05 /* Debug */,
				137D561B19F6F5D800A90E05 /* Release */,
			);
			defaultConfigurationIsVisible = 0;
		};
		137D561C19F6F5D800A90E05 /* Build configuration list for PBXNativeTarget "DMOptiRouteTests" */ = {
			isa = XCConfigurationList;
			buildConfigurations = (
				137D561D19F6F5D800A90E05 /* Debug */,
				137D561E19F6F5D800A90E05 /* Release */,
			);
			defaultConfigurationIsVisible = 0;
		};
/* End XCConfigurationList section */

/* Begin XCVersionGroup section */
		137D55FD19F6F5D800A90E05 /* DMOptiRoute.xcdatamodeld */ = {
			isa = XCVersionGroup;
			children = (
				137D55FE19F6F5D800A90E05 /* DMOptiRoute.xcdatamodel */,
			);
			currentVersion = 137D55FE19F6F5D800A90E05 /* DMOptiRoute.xcdatamodel */;
			path = DMOptiRoute.xcdatamodeld;
			sourceTree = "<group>";
			versionGroupType = wrapper.xcdatamodel;
		};
/* End XCVersionGroup section */
	};
	rootObject = 137D55EB19F6F5D800A90E05 /* Project object */;
}
